// !$*UTF8*$!
{
	archiveVersion = 1;
	classes = {
	};
	objectVersion = 50;
	objects = {

/* Begin PBXBuildFile section */
		0366A542DEE86974CB45AAB9 /* Pods_Naver_Shopping.framework in Frameworks */ = {isa = PBXBuildFile; fileRef = 8C081B5FA80487DFFB1F44C2 /* Pods_Naver_Shopping.framework */; };
		CB16776322508E0F00399B4D /* ResultDetailViewController.swift in Sources */ = {isa = PBXBuildFile; fileRef = CB16776222508E0F00399B4D /* ResultDetailViewController.swift */; };
		CB1912C6225214700056A68B /* RecentFindTableViewCell.swift in Sources */ = {isa = PBXBuildFile; fileRef = CB1912C4225214700056A68B /* RecentFindTableViewCell.swift */; };
		CB1912C7225214700056A68B /* RecentFindTableViewCell.xib in Resources */ = {isa = PBXBuildFile; fileRef = CB1912C5225214700056A68B /* RecentFindTableViewCell.xib */; };
		CB4240982252E94E00606B35 /* RecentFindHeaderView.swift in Sources */ = {isa = PBXBuildFile; fileRef = CB4240972252E94E00606B35 /* RecentFindHeaderView.swift */; };
		CB42409C22531B3800606B35 /* RecentFindTableView.swift in Sources */ = {isa = PBXBuildFile; fileRef = CB42409B22531B3800606B35 /* RecentFindTableView.swift */; };
		CB42409F22532E7000606B35 /* FilterView.swift in Sources */ = {isa = PBXBuildFile; fileRef = CB42409E22532E7000606B35 /* FilterView.swift */; };
		CB4240A122532E7A00606B35 /* FilterView.xib in Resources */ = {isa = PBXBuildFile; fileRef = CB4240A022532E7A00606B35 /* FilterView.xib */; };
		CBB28408224F997A00333684 /* SearchResultViewController.swift in Sources */ = {isa = PBXBuildFile; fileRef = CBB28407224F997A00333684 /* SearchResultViewController.swift */; };
		CBB2840B224FA6C100333684 /* SearchResultCollectionViewCell.swift in Sources */ = {isa = PBXBuildFile; fileRef = CBB28409224FA6C100333684 /* SearchResultCollectionViewCell.swift */; };
		CBB2840C224FA6C100333684 /* SearchResultCollectionViewCell.xib in Resources */ = {isa = PBXBuildFile; fileRef = CBB2840A224FA6C100333684 /* SearchResultCollectionViewCell.xib */; };
		CBB2840E224FAAED00333684 /* GlobalUtil.swift in Sources */ = {isa = PBXBuildFile; fileRef = CBB2840D224FAAED00333684 /* GlobalUtil.swift */; };
		CBDCB6FE224CA1B50030F6B4 /* AppDelegate.swift in Sources */ = {isa = PBXBuildFile; fileRef = CBDCB6FD224CA1B50030F6B4 /* AppDelegate.swift */; };
		CBDCB703224CA1B50030F6B4 /* Main.storyboard in Resources */ = {isa = PBXBuildFile; fileRef = CBDCB701224CA1B50030F6B4 /* Main.storyboard */; };
		CBDCB705224CA1B60030F6B4 /* Assets.xcassets in Resources */ = {isa = PBXBuildFile; fileRef = CBDCB704224CA1B60030F6B4 /* Assets.xcassets */; };
		CBDCB708224CA1B60030F6B4 /* LaunchScreen.storyboard in Resources */ = {isa = PBXBuildFile; fileRef = CBDCB706224CA1B60030F6B4 /* LaunchScreen.storyboard */; };
		CBDCB710224CA8E90030F6B4 /* MainSearchViewController.swift in Sources */ = {isa = PBXBuildFile; fileRef = CBDCB70F224CA8E90030F6B4 /* MainSearchViewController.swift */; };
		CBDCB71E224CB3AB0030F6B4 /* SearchTextField.swift in Sources */ = {isa = PBXBuildFile; fileRef = CBDCB71D224CB3AB0030F6B4 /* SearchTextField.swift */; };
		CBDCB720224CB47C0030F6B4 /* ColorUtil.swift in Sources */ = {isa = PBXBuildFile; fileRef = CBDCB71F224CB47C0030F6B4 /* ColorUtil.swift */; };
		CBDCB723224CB8880030F6B4 /* NaverAPI.swift in Sources */ = {isa = PBXBuildFile; fileRef = CBDCB722224CB8880030F6B4 /* NaverAPI.swift */; };
		CBDCB728224CCBEA0030F6B4 /* Shopping.swift in Sources */ = {isa = PBXBuildFile; fileRef = CBDCB727224CCBEA0030F6B4 /* Shopping.swift */; };
		CBDCB72A224CCF5D0030F6B4 /* ShoppingStore.swift in Sources */ = {isa = PBXBuildFile; fileRef = CBDCB729224CCF5D0030F6B4 /* ShoppingStore.swift */; };
/* End PBXBuildFile section */

/* Begin PBXFileReference section */
		8C081B5FA80487DFFB1F44C2 /* Pods_Naver_Shopping.framework */ = {isa = PBXFileReference; explicitFileType = wrapper.framework; includeInIndex = 0; path = Pods_Naver_Shopping.framework; sourceTree = BUILT_PRODUCTS_DIR; };
		CB16776222508E0F00399B4D /* ResultDetailViewController.swift */ = {isa = PBXFileReference; lastKnownFileType = sourcecode.swift; path = ResultDetailViewController.swift; sourceTree = "<group>"; };
		CB1912C4225214700056A68B /* RecentFindTableViewCell.swift */ = {isa = PBXFileReference; lastKnownFileType = sourcecode.swift; path = RecentFindTableViewCell.swift; sourceTree = "<group>"; };
		CB1912C5225214700056A68B /* RecentFindTableViewCell.xib */ = {isa = PBXFileReference; lastKnownFileType = file.xib; path = RecentFindTableViewCell.xib; sourceTree = "<group>"; };
		CB4240972252E94E00606B35 /* RecentFindHeaderView.swift */ = {isa = PBXFileReference; lastKnownFileType = sourcecode.swift; path = RecentFindHeaderView.swift; sourceTree = "<group>"; };
		CB42409B22531B3800606B35 /* RecentFindTableView.swift */ = {isa = PBXFileReference; lastKnownFileType = sourcecode.swift; path = RecentFindTableView.swift; sourceTree = "<group>"; };
		CB42409E22532E7000606B35 /* FilterView.swift */ = {isa = PBXFileReference; lastKnownFileType = sourcecode.swift; path = FilterView.swift; sourceTree = "<group>"; };
		CB4240A022532E7A00606B35 /* FilterView.xib */ = {isa = PBXFileReference; lastKnownFileType = file.xib; path = FilterView.xib; sourceTree = "<group>"; };
		CBB28407224F997A00333684 /* SearchResultViewController.swift */ = {isa = PBXFileReference; lastKnownFileType = sourcecode.swift; path = SearchResultViewController.swift; sourceTree = "<group>"; };
		CBB28409224FA6C100333684 /* SearchResultCollectionViewCell.swift */ = {isa = PBXFileReference; lastKnownFileType = sourcecode.swift; path = SearchResultCollectionViewCell.swift; sourceTree = "<group>"; };
		CBB2840A224FA6C100333684 /* SearchResultCollectionViewCell.xib */ = {isa = PBXFileReference; lastKnownFileType = file.xib; path = SearchResultCollectionViewCell.xib; sourceTree = "<group>"; };
		CBB2840D224FAAED00333684 /* GlobalUtil.swift */ = {isa = PBXFileReference; lastKnownFileType = sourcecode.swift; path = GlobalUtil.swift; sourceTree = "<group>"; };
		CBDCB6FA224CA1B50030F6B4 /* Naver_Shopping.app */ = {isa = PBXFileReference; explicitFileType = wrapper.application; includeInIndex = 0; path = Naver_Shopping.app; sourceTree = BUILT_PRODUCTS_DIR; };
		CBDCB6FD224CA1B50030F6B4 /* AppDelegate.swift */ = {isa = PBXFileReference; lastKnownFileType = sourcecode.swift; path = AppDelegate.swift; sourceTree = "<group>"; };
		CBDCB702224CA1B50030F6B4 /* Base */ = {isa = PBXFileReference; lastKnownFileType = file.storyboard; name = Base; path = Base.lproj/Main.storyboard; sourceTree = "<group>"; };
		CBDCB704224CA1B60030F6B4 /* Assets.xcassets */ = {isa = PBXFileReference; lastKnownFileType = folder.assetcatalog; path = Assets.xcassets; sourceTree = "<group>"; };
		CBDCB707224CA1B60030F6B4 /* Base */ = {isa = PBXFileReference; lastKnownFileType = file.storyboard; name = Base; path = Base.lproj/LaunchScreen.storyboard; sourceTree = "<group>"; };
		CBDCB709224CA1B60030F6B4 /* Info.plist */ = {isa = PBXFileReference; lastKnownFileType = text.plist.xml; path = Info.plist; sourceTree = "<group>"; };
		CBDCB70F224CA8E90030F6B4 /* MainSearchViewController.swift */ = {isa = PBXFileReference; lastKnownFileType = sourcecode.swift; path = MainSearchViewController.swift; sourceTree = "<group>"; };
		CBDCB71D224CB3AB0030F6B4 /* SearchTextField.swift */ = {isa = PBXFileReference; lastKnownFileType = sourcecode.swift; path = SearchTextField.swift; sourceTree = "<group>"; };
		CBDCB71F224CB47C0030F6B4 /* ColorUtil.swift */ = {isa = PBXFileReference; lastKnownFileType = sourcecode.swift; path = ColorUtil.swift; sourceTree = "<group>"; };
		CBDCB722224CB8880030F6B4 /* NaverAPI.swift */ = {isa = PBXFileReference; lastKnownFileType = sourcecode.swift; path = NaverAPI.swift; sourceTree = "<group>"; };
		CBDCB727224CCBEA0030F6B4 /* Shopping.swift */ = {isa = PBXFileReference; lastKnownFileType = sourcecode.swift; path = Shopping.swift; sourceTree = "<group>"; };
		CBDCB729224CCF5D0030F6B4 /* ShoppingStore.swift */ = {isa = PBXFileReference; lastKnownFileType = sourcecode.swift; path = ShoppingStore.swift; sourceTree = "<group>"; };
		D726B62154A9F3215318881F /* Pods-Naver_Shopping.debug.xcconfig */ = {isa = PBXFileReference; includeInIndex = 1; lastKnownFileType = text.xcconfig; name = "Pods-Naver_Shopping.debug.xcconfig"; path = "Pods/Target Support Files/Pods-Naver_Shopping/Pods-Naver_Shopping.debug.xcconfig"; sourceTree = "<group>"; };
		F2B5FA893D48633693C02F8E /* Pods-Naver_Shopping.release.xcconfig */ = {isa = PBXFileReference; includeInIndex = 1; lastKnownFileType = text.xcconfig; name = "Pods-Naver_Shopping.release.xcconfig"; path = "Pods/Target Support Files/Pods-Naver_Shopping/Pods-Naver_Shopping.release.xcconfig"; sourceTree = "<group>"; };
/* End PBXFileReference section */

/* Begin PBXFrameworksBuildPhase section */
		CBDCB6F7224CA1B50030F6B4 /* Frameworks */ = {
			isa = PBXFrameworksBuildPhase;
			buildActionMask = 2147483647;
			files = (
				0366A542DEE86974CB45AAB9 /* Pods_Naver_Shopping.framework in Frameworks */,
			);
			runOnlyForDeploymentPostprocessing = 0;
		};
/* End PBXFrameworksBuildPhase section */

/* Begin PBXGroup section */
		7AEADE747B6377CAD8FC94A1 /* Pods */ = {
			isa = PBXGroup;
			children = (
				D726B62154A9F3215318881F /* Pods-Naver_Shopping.debug.xcconfig */,
				F2B5FA893D48633693C02F8E /* Pods-Naver_Shopping.release.xcconfig */,
			);
			name = Pods;
			sourceTree = "<group>";
		};
		7BCEB122F97F9C91D0D363A0 /* Frameworks */ = {
			isa = PBXGroup;
			children = (
				8C081B5FA80487DFFB1F44C2 /* Pods_Naver_Shopping.framework */,
			);
			name = Frameworks;
			sourceTree = "<group>";
		};
		CB16776122508DB800399B4D /* ResultDetail */ = {
			isa = PBXGroup;
			children = (
				CB16776222508E0F00399B4D /* ResultDetailViewController.swift */,
			);
			path = ResultDetail;
			sourceTree = "<group>";
		};
		CB1912C8225214730056A68B /* RecentFind */ = {
			isa = PBXGroup;
			children = (
				CB42409B22531B3800606B35 /* RecentFindTableView.swift */,
				CB4240972252E94E00606B35 /* RecentFindHeaderView.swift */,
				CB1912C4225214700056A68B /* RecentFindTableViewCell.swift */,
				CB1912C5225214700056A68B /* RecentFindTableViewCell.xib */,
			);
			path = RecentFind;
			sourceTree = "<group>";
		};
		CB42409D22532E5E00606B35 /* FilterView */ = {
			isa = PBXGroup;
			children = (
				CB42409E22532E7000606B35 /* FilterView.swift */,
				CB4240A022532E7A00606B35 /* FilterView.xib */,
			);
			path = FilterView;
			sourceTree = "<group>";
		};
		CBB28405224F994E00333684 /* Main */ = {
			isa = PBXGroup;
			children = (
				CBDCB70F224CA8E90030F6B4 /* MainSearchViewController.swift */,
			);
			path = Main;
			sourceTree = "<group>";
		};
		CBB28406224F995700333684 /* SearchResult */ = {
			isa = PBXGroup;
			children = (
				CBB28407224F997A00333684 /* SearchResultViewController.swift */,
				CBB28409224FA6C100333684 /* SearchResultCollectionViewCell.swift */,
				CBB2840A224FA6C100333684 /* SearchResultCollectionViewCell.xib */,
				CB16776122508DB800399B4D /* ResultDetail */,
			);
			path = SearchResult;
			sourceTree = "<group>";
		};
		CBDCB6F1224CA1B50030F6B4 = {
			isa = PBXGroup;
			children = (
				CBDCB6FC224CA1B50030F6B4 /* Naver_Shopping */,
				CBDCB6FB224CA1B50030F6B4 /* Products */,
				7AEADE747B6377CAD8FC94A1 /* Pods */,
				7BCEB122F97F9C91D0D363A0 /* Frameworks */,
			);
			sourceTree = "<group>";
		};
		CBDCB6FB224CA1B50030F6B4 /* Products */ = {
			isa = PBXGroup;
			children = (
				CBDCB6FA224CA1B50030F6B4 /* Naver_Shopping.app */,
			);
			name = Products;
			sourceTree = "<group>";
		};
		CBDCB6FC224CA1B50030F6B4 /* Naver_Shopping */ = {
			isa = PBXGroup;
			children = (
				CBDCB724224CCBB90030F6B4 /* Model */,
				CBDCB712224CA9020030F6B4 /* ViewController */,
				CBDCB711224CA8ED0030F6B4 /* View */,
				CBDCB6FD224CA1B50030F6B4 /* AppDelegate.swift */,
				CBDCB721224CB82C0030F6B4 /* API */,
				CBDCB718224CB3050030F6B4 /* Util */,
				CBDCB713224CA91D0030F6B4 /* Support */,
			);
			path = Naver_Shopping;
			sourceTree = "<group>";
		};
		CBDCB711224CA8ED0030F6B4 /* View */ = {
			isa = PBXGroup;
			children = (
				CB42409D22532E5E00606B35 /* FilterView */,
				CB1912C8225214730056A68B /* RecentFind */,
				CBDCB701224CA1B50030F6B4 /* Main.storyboard */,
				CBDCB706224CA1B60030F6B4 /* LaunchScreen.storyboard */,
			);
			path = View;
			sourceTree = "<group>";
		};
		CBDCB712224CA9020030F6B4 /* ViewController */ = {
			isa = PBXGroup;
			children = (
				CBB28405224F994E00333684 /* Main */,
				CBB28406224F995700333684 /* SearchResult */,
			);
			path = ViewController;
			sourceTree = "<group>";
		};
		CBDCB713224CA91D0030F6B4 /* Support */ = {
			isa = PBXGroup;
			children = (
				CBDCB704224CA1B60030F6B4 /* Assets.xcassets */,
				CBDCB709224CA1B60030F6B4 /* Info.plist */,
			);
			path = Support;
			sourceTree = "<group>";
		};
		CBDCB718224CB3050030F6B4 /* Util */ = {
			isa = PBXGroup;
			children = (
				CBDCB71D224CB3AB0030F6B4 /* SearchTextField.swift */,
				CBDCB71F224CB47C0030F6B4 /* ColorUtil.swift */,
				CBB2840D224FAAED00333684 /* GlobalUtil.swift */,
			);
			path = Util;
			sourceTree = "<group>";
		};
		CBDCB721224CB82C0030F6B4 /* API */ = {
			isa = PBXGroup;
			children = (
				CBDCB722224CB8880030F6B4 /* NaverAPI.swift */,
			);
			path = API;
			sourceTree = "<group>";
		};
		CBDCB724224CCBB90030F6B4 /* Model */ = {
			isa = PBXGroup;
			children = (
				CBDCB727224CCBEA0030F6B4 /* Shopping.swift */,
				CBDCB729224CCF5D0030F6B4 /* ShoppingStore.swift */,
			);
			path = Model;
			sourceTree = "<group>";
		};
/* End PBXGroup section */

/* Begin PBXNativeTarget section */
		CBDCB6F9224CA1B50030F6B4 /* Naver_Shopping */ = {
			isa = PBXNativeTarget;
			buildConfigurationList = CBDCB70C224CA1B70030F6B4 /* Build configuration list for PBXNativeTarget "Naver_Shopping" */;
			buildPhases = (
				D47F38AF0501A0F397A3FBC6 /* [CP] Check Pods Manifest.lock */,
				CBDCB6F6224CA1B50030F6B4 /* Sources */,
				CBDCB6F7224CA1B50030F6B4 /* Frameworks */,
				CBDCB6F8224CA1B50030F6B4 /* Resources */,
				537836F45DD73D4F1C369FCB /* [CP] Embed Pods Frameworks */,
				DA98A67357F1D5DA989C7713 /* [CP] Copy Pods Resources */,
			);
			buildRules = (
			);
			dependencies = (
			);
			name = Naver_Shopping;
			productName = Naver_Shopping;
			productReference = CBDCB6FA224CA1B50030F6B4 /* Naver_Shopping.app */;
			productType = "com.apple.product-type.application";
		};
/* End PBXNativeTarget section */

/* Begin PBXProject section */
		CBDCB6F2224CA1B50030F6B4 /* Project object */ = {
			isa = PBXProject;
			attributes = {
				LastSwiftUpdateCheck = 1010;
				LastUpgradeCheck = 1010;
				ORGANIZATIONNAME = "Oh Sangho";
				TargetAttributes = {
					CBDCB6F9224CA1B50030F6B4 = {
						CreatedOnToolsVersion = 10.1;
					};
				};
			};
			buildConfigurationList = CBDCB6F5224CA1B50030F6B4 /* Build configuration list for PBXProject "Naver_Shopping" */;
			compatibilityVersion = "Xcode 9.3";
			developmentRegion = en;
			hasScannedForEncodings = 0;
			knownRegions = (
				en,
				Base,
			);
			mainGroup = CBDCB6F1224CA1B50030F6B4;
			productRefGroup = CBDCB6FB224CA1B50030F6B4 /* Products */;
			projectDirPath = "";
			projectRoot = "";
			targets = (
				CBDCB6F9224CA1B50030F6B4 /* Naver_Shopping */,
			);
		};
/* End PBXProject section */

/* Begin PBXResourcesBuildPhase section */
		CBDCB6F8224CA1B50030F6B4 /* Resources */ = {
			isa = PBXResourcesBuildPhase;
			buildActionMask = 2147483647;
			files = (
				CB1912C7225214700056A68B /* RecentFindTableViewCell.xib in Resources */,
				CBDCB708224CA1B60030F6B4 /* LaunchScreen.storyboard in Resources */,
				CB4240A122532E7A00606B35 /* FilterView.xib in Resources */,
				CBDCB705224CA1B60030F6B4 /* Assets.xcassets in Resources */,
				CBDCB703224CA1B50030F6B4 /* Main.storyboard in Resources */,
				CBB2840C224FA6C100333684 /* SearchResultCollectionViewCell.xib in Resources */,
			);
			runOnlyForDeploymentPostprocessing = 0;
		};
/* End PBXResourcesBuildPhase section */

/* Begin PBXShellScriptBuildPhase section */
		537836F45DD73D4F1C369FCB /* [CP] Embed Pods Frameworks */ = {
			isa = PBXShellScriptBuildPhase;
			buildActionMask = 2147483647;
			files = (
			);
			inputPaths = (
				"${SRCROOT}/Pods/Target Support Files/Pods-Naver_Shopping/Pods-Naver_Shopping-frameworks.sh",
				"${BUILT_PRODUCTS_DIR}/Kingfisher/Kingfisher.framework",
			);
			name = "[CP] Embed Pods Frameworks";
			outputPaths = (
				"${TARGET_BUILD_DIR}/${FRAMEWORKS_FOLDER_PATH}/Kingfisher.framework",
			);
			runOnlyForDeploymentPostprocessing = 0;
			shellPath = /bin/sh;
			shellScript = "\"${SRCROOT}/Pods/Target Support Files/Pods-Naver_Shopping/Pods-Naver_Shopping-frameworks.sh\"\n";
			showEnvVarsInLog = 0;
		};
		D47F38AF0501A0F397A3FBC6 /* [CP] Check Pods Manifest.lock */ = {
			isa = PBXShellScriptBuildPhase;
			buildActionMask = 2147483647;
			files = (
			);
			inputPaths = (
				"${PODS_PODFILE_DIR_PATH}/Podfile.lock",
				"${PODS_ROOT}/Manifest.lock",
			);
			name = "[CP] Check Pods Manifest.lock";
			outputPaths = (
				"$(DERIVED_FILE_DIR)/Pods-Naver_Shopping-checkManifestLockResult.txt",
			);
			runOnlyForDeploymentPostprocessing = 0;
			shellPath = /bin/sh;
			shellScript = "diff \"${PODS_PODFILE_DIR_PATH}/Podfile.lock\" \"${PODS_ROOT}/Manifest.lock\" > /dev/null\nif [ $? != 0 ] ; then\n    # print error to STDERR\n    echo \"error: The sandbox is not in sync with the Podfile.lock. Run 'pod install' or update your CocoaPods installation.\" >&2\n    exit 1\nfi\n# This output is used by Xcode 'outputs' to avoid re-running this script phase.\necho \"SUCCESS\" > \"${SCRIPT_OUTPUT_FILE_0}\"\n";
			showEnvVarsInLog = 0;
		};
		DA98A67357F1D5DA989C7713 /* [CP] Copy Pods Resources */ = {
			isa = PBXShellScriptBuildPhase;
			buildActionMask = 2147483647;
			files = (
			);
			inputPaths = (
			);
			name = "[CP] Copy Pods Resources";
			outputPaths = (
			);
			runOnlyForDeploymentPostprocessing = 0;
			shellPath = /bin/sh;
			shellScript = "\"${SRCROOT}/Pods/Target Support Files/Pods-Naver_Shopping/Pods-Naver_Shopping-resources.sh\"\n";
			showEnvVarsInLog = 0;
		};
/* End PBXShellScriptBuildPhase section */

/* Begin PBXSourcesBuildPhase section */
		CBDCB6F6224CA1B50030F6B4 /* Sources */ = {
			isa = PBXSourcesBuildPhase;
			buildActionMask = 2147483647;
			files = (
				CBDCB6FE224CA1B50030F6B4 /* AppDelegate.swift in Sources */,
				CB42409C22531B3800606B35 /* RecentFindTableView.swift in Sources */,
				CBDCB728224CCBEA0030F6B4 /* Shopping.swift in Sources */,
				CBDCB710224CA8E90030F6B4 /* MainSearchViewController.swift in Sources */,
				CB16776322508E0F00399B4D /* ResultDetailViewController.swift in Sources */,
				CBDCB72A224CCF5D0030F6B4 /* ShoppingStore.swift in Sources */,
				CB1912C6225214700056A68B /* RecentFindTableViewCell.swift in Sources */,
				CBB2840E224FAAED00333684 /* GlobalUtil.swift in Sources */,
				CBDCB723224CB8880030F6B4 /* NaverAPI.swift in Sources */,
				CBDCB71E224CB3AB0030F6B4 /* SearchTextField.swift in Sources */,
				CBB28408224F997A00333684 /* SearchResultViewController.swift in Sources */,
				CBB2840B224FA6C100333684 /* SearchResultCollectionViewCell.swift in Sources */,
				CB4240982252E94E00606B35 /* RecentFindHeaderView.swift in Sources */,
				CB42409F22532E7000606B35 /* FilterView.swift in Sources */,
				CBDCB720224CB47C0030F6B4 /* ColorUtil.swift in Sources */,
			);
			runOnlyForDeploymentPostprocessing = 0;
		};
/* End PBXSourcesBuildPhase section */

/* Begin PBXVariantGroup section */
		CBDCB701224CA1B50030F6B4 /* Main.storyboard */ = {
			isa = PBXVariantGroup;
			children = (
				CBDCB702224CA1B50030F6B4 /* Base */,
			);
			name = Main.storyboard;
			sourceTree = "<group>";
		};
		CBDCB706224CA1B60030F6B4 /* LaunchScreen.storyboard */ = {
			isa = PBXVariantGroup;
			children = (
				CBDCB707224CA1B60030F6B4 /* Base */,
			);
			name = LaunchScreen.storyboard;
			sourceTree = "<group>";
		};
/* End PBXVariantGroup section */

/* Begin XCBuildConfiguration section */
		CBDCB70A224CA1B60030F6B4 /* Debug */ = {
			isa = XCBuildConfiguration;
			buildSettings = {
				ALWAYS_SEARCH_USER_PATHS = NO;
				CLANG_ANALYZER_NONNULL = YES;
				CLANG_ANALYZER_NUMBER_OBJECT_CONVERSION = YES_AGGRESSIVE;
				CLANG_CXX_LANGUAGE_STANDARD = "gnu++14";
				CLANG_CXX_LIBRARY = "libc++";
				CLANG_ENABLE_MODULES = YES;
				CLANG_ENABLE_OBJC_ARC = YES;
				CLANG_ENABLE_OBJC_WEAK = YES;
				CLANG_WARN_BLOCK_CAPTURE_AUTORELEASING = YES;
				CLANG_WARN_BOOL_CONVERSION = YES;
				CLANG_WARN_COMMA = YES;
				CLANG_WARN_CONSTANT_CONVERSION = YES;
				CLANG_WARN_DEPRECATED_OBJC_IMPLEMENTATIONS = YES;
				CLANG_WARN_DIRECT_OBJC_ISA_USAGE = YES_ERROR;
				CLANG_WARN_DOCUMENTATION_COMMENTS = YES;
				CLANG_WARN_EMPTY_BODY = YES;
				CLANG_WARN_ENUM_CONVERSION = YES;
				CLANG_WARN_INFINITE_RECURSION = YES;
				CLANG_WARN_INT_CONVERSION = YES;
				CLANG_WARN_NON_LITERAL_NULL_CONVERSION = YES;
				CLANG_WARN_OBJC_IMPLICIT_RETAIN_SELF = YES;
				CLANG_WARN_OBJC_LITERAL_CONVERSION = YES;
				CLANG_WARN_OBJC_ROOT_CLASS = YES_ERROR;
				CLANG_WARN_RANGE_LOOP_ANALYSIS = YES;
				CLANG_WARN_STRICT_PROTOTYPES = YES;
				CLANG_WARN_SUSPICIOUS_MOVE = YES;
				CLANG_WARN_UNGUARDED_AVAILABILITY = YES_AGGRESSIVE;
				CLANG_WARN_UNREACHABLE_CODE = YES;
				CLANG_WARN__DUPLICATE_METHOD_MATCH = YES;
				CODE_SIGN_IDENTITY = "iPhone Developer";
				COPY_PHASE_STRIP = NO;
				DEBUG_INFORMATION_FORMAT = dwarf;
				ENABLE_STRICT_OBJC_MSGSEND = YES;
				ENABLE_TESTABILITY = YES;
				GCC_C_LANGUAGE_STANDARD = gnu11;
				GCC_DYNAMIC_NO_PIC = NO;
				GCC_NO_COMMON_BLOCKS = YES;
				GCC_OPTIMIZATION_LEVEL = 0;
				GCC_PREPROCESSOR_DEFINITIONS = (
					"DEBUG=1",
					"$(inherited)",
				);
				GCC_WARN_64_TO_32_BIT_CONVERSION = YES;
				GCC_WARN_ABOUT_RETURN_TYPE = YES_ERROR;
				GCC_WARN_UNDECLARED_SELECTOR = YES;
				GCC_WARN_UNINITIALIZED_AUTOS = YES_AGGRESSIVE;
				GCC_WARN_UNUSED_FUNCTION = YES;
				GCC_WARN_UNUSED_VARIABLE = YES;
				IPHONEOS_DEPLOYMENT_TARGET = 11.0;
				MTL_ENABLE_DEBUG_INFO = INCLUDE_SOURCE;
				MTL_FAST_MATH = YES;
				ONLY_ACTIVE_ARCH = YES;
				SDKROOT = iphoneos;
				SWIFT_ACTIVE_COMPILATION_CONDITIONS = DEBUG;
				SWIFT_OPTIMIZATION_LEVEL = "-Onone";
			};
			name = Debug;
		};
		CBDCB70B224CA1B60030F6B4 /* Release */ = {
			isa = XCBuildConfiguration;
			buildSettings = {
				ALWAYS_SEARCH_USER_PATHS = NO;
				CLANG_ANALYZER_NONNULL = YES;
				CLANG_ANALYZER_NUMBER_OBJECT_CONVERSION = YES_AGGRESSIVE;
				CLANG_CXX_LANGUAGE_STANDARD = "gnu++14";
				CLANG_CXX_LIBRARY = "libc++";
				CLANG_ENABLE_MODULES = YES;
				CLANG_ENABLE_OBJC_ARC = YES;
				CLANG_ENABLE_OBJC_WEAK = YES;
				CLANG_WARN_BLOCK_CAPTURE_AUTORELEASING = YES;
				CLANG_WARN_BOOL_CONVERSION = YES;
				CLANG_WARN_COMMA = YES;
				CLANG_WARN_CONSTANT_CONVERSION = YES;
				CLANG_WARN_DEPRECATED_OBJC_IMPLEMENTATIONS = YES;
				CLANG_WARN_DIRECT_OBJC_ISA_USAGE = YES_ERROR;
				CLANG_WARN_DOCUMENTATION_COMMENTS = YES;
				CLANG_WARN_EMPTY_BODY = YES;
				CLANG_WARN_ENUM_CONVERSION = YES;
				CLANG_WARN_INFINITE_RECURSION = YES;
				CLANG_WARN_INT_CONVERSION = YES;
				CLANG_WARN_NON_LITERAL_NULL_CONVERSION = YES;
				CLANG_WARN_OBJC_IMPLICIT_RETAIN_SELF = YES;
				CLANG_WARN_OBJC_LITERAL_CONVERSION = YES;
				CLANG_WARN_OBJC_ROOT_CLASS = YES_ERROR;
				CLANG_WARN_RANGE_LOOP_ANALYSIS = YES;
				CLANG_WARN_STRICT_PROTOTYPES = YES;
				CLANG_WARN_SUSPICIOUS_MOVE = YES;
				CLANG_WARN_UNGUARDED_AVAILABILITY = YES_AGGRESSIVE;
				CLANG_WARN_UNREACHABLE_CODE = YES;
				CLANG_WARN__DUPLICATE_METHOD_MATCH = YES;
				CODE_SIGN_IDENTITY = "iPhone Developer";
				COPY_PHASE_STRIP = NO;
				DEBUG_INFORMATION_FORMAT = "dwarf-with-dsym";
				ENABLE_NS_ASSERTIONS = NO;
				ENABLE_STRICT_OBJC_MSGSEND = YES;
				GCC_C_LANGUAGE_STANDARD = gnu11;
				GCC_NO_COMMON_BLOCKS = YES;
				GCC_WARN_64_TO_32_BIT_CONVERSION = YES;
				GCC_WARN_ABOUT_RETURN_TYPE = YES_ERROR;
				GCC_WARN_UNDECLARED_SELECTOR = YES;
				GCC_WARN_UNINITIALIZED_AUTOS = YES_AGGRESSIVE;
				GCC_WARN_UNUSED_FUNCTION = YES;
				GCC_WARN_UNUSED_VARIABLE = YES;
				IPHONEOS_DEPLOYMENT_TARGET = 11.0;
				MTL_ENABLE_DEBUG_INFO = NO;
				MTL_FAST_MATH = YES;
				SDKROOT = iphoneos;
				SWIFT_COMPILATION_MODE = wholemodule;
				SWIFT_OPTIMIZATION_LEVEL = "-O";
				VALIDATE_PRODUCT = YES;
			};
			name = Release;
		};
		CBDCB70D224CA1B70030F6B4 /* Debug */ = {
			isa = XCBuildConfiguration;
			baseConfigurationReference = D726B62154A9F3215318881F /* Pods-Naver_Shopping.debug.xcconfig */;
			buildSettings = {
				ASSETCATALOG_COMPILER_APPICON_NAME = AppIcon;
				ASSETCATALOG_COMPILER_LAUNCHIMAGE_NAME = LaunchImage;
				CODE_SIGN_STYLE = Automatic;
				DEVELOPMENT_TEAM = LZZVJD724V;
				INFOPLIST_FILE = "$(SRCROOT)/Naver_Shopping/Support/Info.plist";
				IPHONEOS_DEPLOYMENT_TARGET = 11.0;
				LD_RUNPATH_SEARCH_PATHS = (
					"$(inherited)",
					"@executable_path/Frameworks",
				);
				PRODUCT_BUNDLE_IDENTIFIER = "OhSangho.Naver-Shopping";
				PRODUCT_NAME = "$(TARGET_NAME)";
				SWIFT_VERSION = 4.2;
				TARGETED_DEVICE_FAMILY = "1,2";
			};
			name = Debug;
		};
		CBDCB70E224CA1B70030F6B4 /* Release */ = {
			isa = XCBuildConfiguration;
			baseConfigurationReference = F2B5FA893D48633693C02F8E /* Pods-Naver_Shopping.release.xcconfig */;
			buildSettings = {
				ASSETCATALOG_COMPILER_APPICON_NAME = AppIcon;
				ASSETCATALOG_COMPILER_LAUNCHIMAGE_NAME = LaunchImage;
				CODE_SIGN_STYLE = Automatic;
				DEVELOPMENT_TEAM = LZZVJD724V;
				INFOPLIST_FILE = "$(SRCROOT)/Naver_Shopping/Support/Info.plist";
				IPHONEOS_DEPLOYMENT_TARGET = 11.0;
				LD_RUNPATH_SEARCH_PATHS = (
					"$(inherited)",
					"@executable_path/Frameworks",
				);
				PRODUCT_BUNDLE_IDENTIFIER = "OhSangho.Naver-Shopping";
				PRODUCT_NAME = "$(TARGET_NAME)";
				SWIFT_VERSION = 4.2;
				TARGETED_DEVICE_FAMILY = "1,2";
			};
			name = Release;
		};
/* End XCBuildConfiguration section */

/* Begin XCConfigurationList section */
		CBDCB6F5224CA1B50030F6B4 /* Build configuration list for PBXProject "Naver_Shopping" */ = {
			isa = XCConfigurationList;
			buildConfigurations = (
				CBDCB70A224CA1B60030F6B4 /* Debug */,
				CBDCB70B224CA1B60030F6B4 /* Release */,
			);
			defaultConfigurationIsVisible = 0;
			defaultConfigurationName = Release;
		};
		CBDCB70C224CA1B70030F6B4 /* Build configuration list for PBXNativeTarget "Naver_Shopping" */ = {
			isa = XCConfigurationList;
			buildConfigurations = (
				CBDCB70D224CA1B70030F6B4 /* Debug */,
				CBDCB70E224CA1B70030F6B4 /* Release */,
			);
			defaultConfigurationIsVisible = 0;
			defaultConfigurationName = Release;
		};
/* End XCConfigurationList section */
	};
	rootObject = CBDCB6F2224CA1B50030F6B4 /* Project object */;
}
